// !$*UTF8*$!
{
	archiveVersion = 1;
	classes = {
	};
	objectVersion = 50;
	objects = {

/* Begin PBXBuildFile section */
		64DDD34726D977FC00C6B040 /* AppDelegate.swift in Sources */ = {isa = PBXBuildFile; fileRef = 64DDD34626D977FC00C6B040 /* AppDelegate.swift */; };
		64DDD34926D977FC00C6B040 /* SceneDelegate.swift in Sources */ = {isa = PBXBuildFile; fileRef = 64DDD34826D977FC00C6B040 /* SceneDelegate.swift */; };
		64DDD34B26D977FC00C6B040 /* ViewController.swift in Sources */ = {isa = PBXBuildFile; fileRef = 64DDD34A26D977FC00C6B040 /* ViewController.swift */; };
		64DDD34E26D977FC00C6B040 /* Main.storyboard in Resources */ = {isa = PBXBuildFile; fileRef = 64DDD34C26D977FC00C6B040 /* Main.storyboard */; };
		64DDD35026D9780400C6B040 /* Assets.xcassets in Resources */ = {isa = PBXBuildFile; fileRef = 64DDD34F26D9780400C6B040 /* Assets.xcassets */; };
		64DDD35326D9780400C6B040 /* LaunchScreen.storyboard in Resources */ = {isa = PBXBuildFile; fileRef = 64DDD35126D9780400C6B040 /* LaunchScreen.storyboard */; };
		64DDD35E26D9780500C6B040 /* MovieAppTests.swift in Sources */ = {isa = PBXBuildFile; fileRef = 64DDD35D26D9780500C6B040 /* MovieAppTests.swift */; };
		64DDD36926D9780500C6B040 /* MovieAppUITests.swift in Sources */ = {isa = PBXBuildFile; fileRef = 64DDD36826D9780500C6B040 /* MovieAppUITests.swift */; };
/* End PBXBuildFile section */

/* Begin PBXContainerItemProxy section */
		64DDD35A26D9780500C6B040 /* PBXContainerItemProxy */ = {
			isa = PBXContainerItemProxy;
			containerPortal = 64DDD33B26D977FC00C6B040 /* Project object */;
			proxyType = 1;
			remoteGlobalIDString = 64DDD34226D977FC00C6B040;
			remoteInfo = MovieApp;
		};
		64DDD36526D9780500C6B040 /* PBXContainerItemProxy */ = {
			isa = PBXContainerItemProxy;
			containerPortal = 64DDD33B26D977FC00C6B040 /* Project object */;
			proxyType = 1;
			remoteGlobalIDString = 64DDD34226D977FC00C6B040;
			remoteInfo = MovieApp;
		};
/* End PBXContainerItemProxy section */

/* Begin PBXFileReference section */
		64DDD34326D977FC00C6B040 /* MovieApp.app */ = {isa = PBXFileReference; explicitFileType = wrapper.application; includeInIndex = 0; path = MovieApp.app; sourceTree = BUILT_PRODUCTS_DIR; };
		64DDD34626D977FC00C6B040 /* AppDelegate.swift */ = {isa = PBXFileReference; lastKnownFileType = sourcecode.swift; path = AppDelegate.swift; sourceTree = "<group>"; };
		64DDD34826D977FC00C6B040 /* SceneDelegate.swift */ = {isa = PBXFileReference; lastKnownFileType = sourcecode.swift; path = SceneDelegate.swift; sourceTree = "<group>"; };
		64DDD34A26D977FC00C6B040 /* ViewController.swift */ = {isa = PBXFileReference; lastKnownFileType = sourcecode.swift; path = ViewController.swift; sourceTree = "<group>"; };
		64DDD34D26D977FC00C6B040 /* Base */ = {isa = PBXFileReference; lastKnownFileType = file.storyboard; name = Base; path = Base.lproj/Main.storyboard; sourceTree = "<group>"; };
		64DDD34F26D9780400C6B040 /* Assets.xcassets */ = {isa = PBXFileReference; lastKnownFileType = folder.assetcatalog; path = Assets.xcassets; sourceTree = "<group>"; };
		64DDD35226D9780400C6B040 /* Base */ = {isa = PBXFileReference; lastKnownFileType = file.storyboard; name = Base; path = Base.lproj/LaunchScreen.storyboard; sourceTree = "<group>"; };
		64DDD35426D9780400C6B040 /* Info.plist */ = {isa = PBXFileReference; lastKnownFileType = text.plist.xml; path = Info.plist; sourceTree = "<group>"; };
		64DDD35926D9780500C6B040 /* MovieAppTests.xctest */ = {isa = PBXFileReference; explicitFileType = wrapper.cfbundle; includeInIndex = 0; path = MovieAppTests.xctest; sourceTree = BUILT_PRODUCTS_DIR; };
		64DDD35D26D9780500C6B040 /* MovieAppTests.swift */ = {isa = PBXFileReference; lastKnownFileType = sourcecode.swift; path = MovieAppTests.swift; sourceTree = "<group>"; };
		64DDD35F26D9780500C6B040 /* Info.plist */ = {isa = PBXFileReference; lastKnownFileType = text.plist.xml; path = Info.plist; sourceTree = "<group>"; };
		64DDD36426D9780500C6B040 /* MovieAppUITests.xctest */ = {isa = PBXFileReference; explicitFileType = wrapper.cfbundle; includeInIndex = 0; path = MovieAppUITests.xctest; sourceTree = BUILT_PRODUCTS_DIR; };
		64DDD36826D9780500C6B040 /* MovieAppUITests.swift */ = {isa = PBXFileReference; lastKnownFileType = sourcecode.swift; path = MovieAppUITests.swift; sourceTree = "<group>"; };
		64DDD36A26D9780500C6B040 /* Info.plist */ = {isa = PBXFileReference; lastKnownFileType = text.plist.xml; path = Info.plist; sourceTree = "<group>"; };
/* End PBXFileReference section */

/* Begin PBXFrameworksBuildPhase section */
		64DDD34026D977FC00C6B040 /* Frameworks */ = {
			isa = PBXFrameworksBuildPhase;
			buildActionMask = 2147483647;
			files = (
			);
			runOnlyForDeploymentPostprocessing = 0;
		};
		64DDD35626D9780500C6B040 /* Frameworks */ = {
			isa = PBXFrameworksBuildPhase;
			buildActionMask = 2147483647;
			files = (
			);
			runOnlyForDeploymentPostprocessing = 0;
		};
		64DDD36126D9780500C6B040 /* Frameworks */ = {
			isa = PBXFrameworksBuildPhase;
			buildActionMask = 2147483647;
			files = (
			);
			runOnlyForDeploymentPostprocessing = 0;
		};
/* End PBXFrameworksBuildPhase section */

/* Begin PBXGroup section */
		64DDD33A26D977FC00C6B040 = {
			isa = PBXGroup;
			children = (
				64DDD34526D977FC00C6B040 /* MovieApp */,
				64DDD35C26D9780500C6B040 /* MovieAppTests */,
				64DDD36726D9780500C6B040 /* MovieAppUITests */,
				64DDD34426D977FC00C6B040 /* Products */,
			);
			sourceTree = "<group>";
		};
		64DDD34426D977FC00C6B040 /* Products */ = {
			isa = PBXGroup;
			children = (
				64DDD34326D977FC00C6B040 /* MovieApp.app */,
				64DDD35926D9780500C6B040 /* MovieAppTests.xctest */,
				64DDD36426D9780500C6B040 /* MovieAppUITests.xctest */,
			);
			name = Products;
			sourceTree = "<group>";
		};
		64DDD34526D977FC00C6B040 /* MovieApp */ = {
			isa = PBXGroup;
			children = (
				64DDD34626D977FC00C6B040 /* AppDelegate.swift */,
				64DDD34826D977FC00C6B040 /* SceneDelegate.swift */,
				64DDD34A26D977FC00C6B040 /* ViewController.swift */,
				64DDD34C26D977FC00C6B040 /* Main.storyboard */,
				64DDD34F26D9780400C6B040 /* Assets.xcassets */,
				64DDD35126D9780400C6B040 /* LaunchScreen.storyboard */,
				64DDD35426D9780400C6B040 /* Info.plist */,
			);
			path = MovieApp;
			sourceTree = "<group>";
		};
		64DDD35C26D9780500C6B040 /* MovieAppTests */ = {
			isa = PBXGroup;
			children = (
				64DDD35D26D9780500C6B040 /* MovieAppTests.swift */,
				64DDD35F26D9780500C6B040 /* Info.plist */,
			);
			path = MovieAppTests;
			sourceTree = "<group>";
		};
		64DDD36726D9780500C6B040 /* MovieAppUITests */ = {
			isa = PBXGroup;
			children = (
				64DDD36826D9780500C6B040 /* MovieAppUITests.swift */,
				64DDD36A26D9780500C6B040 /* Info.plist */,
			);
			path = MovieAppUITests;
			sourceTree = "<group>";
		};
/* End PBXGroup section */

/* Begin PBXNativeTarget section */
		64DDD34226D977FC00C6B040 /* MovieApp */ = {
			isa = PBXNativeTarget;
			buildConfigurationList = 64DDD36D26D9780500C6B040 /* Build configuration list for PBXNativeTarget "MovieApp" */;
			buildPhases = (
				64DDD33F26D977FC00C6B040 /* Sources */,
				64DDD34026D977FC00C6B040 /* Frameworks */,
				64DDD34126D977FC00C6B040 /* Resources */,
			);
			buildRules = (
			);
			dependencies = (
			);
			name = MovieApp;
			productName = MovieApp;
			productReference = 64DDD34326D977FC00C6B040 /* MovieApp.app */;
			productType = "com.apple.product-type.application";
		};
		64DDD35826D9780500C6B040 /* MovieAppTests */ = {
			isa = PBXNativeTarget;
			buildConfigurationList = 64DDD37026D9780500C6B040 /* Build configuration list for PBXNativeTarget "MovieAppTests" */;
			buildPhases = (
				64DDD35526D9780500C6B040 /* Sources */,
				64DDD35626D9780500C6B040 /* Frameworks */,
				64DDD35726D9780500C6B040 /* Resources */,
			);
			buildRules = (
			);
			dependencies = (
				64DDD35B26D9780500C6B040 /* PBXTargetDependency */,
			);
			name = MovieAppTests;
			productName = MovieAppTests;
			productReference = 64DDD35926D9780500C6B040 /* MovieAppTests.xctest */;
			productType = "com.apple.product-type.bundle.unit-test";
		};
		64DDD36326D9780500C6B040 /* MovieAppUITests */ = {
			isa = PBXNativeTarget;
			buildConfigurationList = 64DDD37326D9780500C6B040 /* Build configuration list for PBXNativeTarget "MovieAppUITests" */;
			buildPhases = (
				64DDD36026D9780500C6B040 /* Sources */,
				64DDD36126D9780500C6B040 /* Frameworks */,
				64DDD36226D9780500C6B040 /* Resources */,
			);
			buildRules = (
			);
			dependencies = (
				64DDD36626D9780500C6B040 /* PBXTargetDependency */,
			);
			name = MovieAppUITests;
			productName = MovieAppUITests;
			productReference = 64DDD36426D9780500C6B040 /* MovieAppUITests.xctest */;
			productType = "com.apple.product-type.bundle.ui-testing";
		};
/* End PBXNativeTarget section */

/* Begin PBXProject section */
		64DDD33B26D977FC00C6B040 /* Project object */ = {
			isa = PBXProject;
			attributes = {
				LastSwiftUpdateCheck = 1250;
				LastUpgradeCheck = 1250;
				TargetAttributes = {
					64DDD34226D977FC00C6B040 = {
						CreatedOnToolsVersion = 12.5;
					};
					64DDD35826D9780500C6B040 = {
						CreatedOnToolsVersion = 12.5;
						TestTargetID = 64DDD34226D977FC00C6B040;
					};
					64DDD36326D9780500C6B040 = {
						CreatedOnToolsVersion = 12.5;
						TestTargetID = 64DDD34226D977FC00C6B040;
					};
				};
			};
			buildConfigurationList = 64DDD33E26D977FC00C6B040 /* Build configuration list for PBXProject "MovieApp" */;
			compatibilityVersion = "Xcode 9.3";
			developmentRegion = en;
			hasScannedForEncodings = 0;
			knownRegions = (
				en,
				Base,
			);
			mainGroup = 64DDD33A26D977FC00C6B040;
			productRefGroup = 64DDD34426D977FC00C6B040 /* Products */;
			projectDirPath = "";
			projectRoot = "";
			targets = (
				64DDD34226D977FC00C6B040 /* MovieApp */,
				64DDD35826D9780500C6B040 /* MovieAppTests */,
				64DDD36326D9780500C6B040 /* MovieAppUITests */,
			);
		};
/* End PBXProject section */

/* Begin PBXResourcesBuildPhase section */
		64DDD34126D977FC00C6B040 /* Resources */ = {
			isa = PBXResourcesBuildPhase;
			buildActionMask = 2147483647;
			files = (
				64DDD35326D9780400C6B040 /* LaunchScreen.storyboard in Resources */,
				64DDD35026D9780400C6B040 /* Assets.xcassets in Resources */,
				64DDD34E26D977FC00C6B040 /* Main.storyboard in Resources */,
			);
			runOnlyForDeploymentPostprocessing = 0;
		};
		64DDD35726D9780500C6B040 /* Resources */ = {
			isa = PBXResourcesBuildPhase;
			buildActionMask = 2147483647;
			files = (
			);
			runOnlyForDeploymentPostprocessing = 0;
		};
		64DDD36226D9780500C6B040 /* Resources */ = {
			isa = PBXResourcesBuildPhase;
			buildActionMask = 2147483647;
			files = (
			);
			runOnlyForDeploymentPostprocessing = 0;
		};
/* End PBXResourcesBuildPhase section */

/* Begin PBXSourcesBuildPhase section */
		64DDD33F26D977FC00C6B040 /* Sources */ = {
			isa = PBXSourcesBuildPhase;
			buildActionMask = 2147483647;
			files = (
				64DDD34B26D977FC00C6B040 /* ViewController.swift in Sources */,
				64DDD34726D977FC00C6B040 /* AppDelegate.swift in Sources */,
				64DDD34926D977FC00C6B040 /* SceneDelegate.swift in Sources */,
			);
			runOnlyForDeploymentPostprocessing = 0;
		};
		64DDD35526D9780500C6B040 /* Sources */ = {
			isa = PBXSourcesBuildPhase;
			buildActionMask = 2147483647;
			files = (
				64DDD35E26D9780500C6B040 /* MovieAppTests.swift in Sources */,
			);
			runOnlyForDeploymentPostprocessing = 0;
		};
		64DDD36026D9780500C6B040 /* Sources */ = {
			isa = PBXSourcesBuildPhase;
			buildActionMask = 2147483647;
			files = (
				64DDD36926D9780500C6B040 /* MovieAppUITests.swift in Sources */,
			);
			runOnlyForDeploymentPostprocessing = 0;
		};
/* End PBXSourcesBuildPhase section */

/* Begin PBXTargetDependency section */
		64DDD35B26D9780500C6B040 /* PBXTargetDependency */ = {
			isa = PBXTargetDependency;
			target = 64DDD34226D977FC00C6B040 /* MovieApp */;
			targetProxy = 64DDD35A26D9780500C6B040 /* PBXContainerItemProxy */;
		};
		64DDD36626D9780500C6B040 /* PBXTargetDependency */ = {
			isa = PBXTargetDependency;
			target = 64DDD34226D977FC00C6B040 /* MovieApp */;
			targetProxy = 64DDD36526D9780500C6B040 /* PBXContainerItemProxy */;
		};
/* End PBXTargetDependency section */

/* Begin PBXVariantGroup section */
		64DDD34C26D977FC00C6B040 /* Main.storyboard */ = {
			isa = PBXVariantGroup;
			children = (
				64DDD34D26D977FC00C6B040 /* Base */,
			);
			name = Main.storyboard;
			sourceTree = "<group>";
		};
		64DDD35126D9780400C6B040 /* LaunchScreen.storyboard */ = {
			isa = PBXVariantGroup;
			children = (
				64DDD35226D9780400C6B040 /* Base */,
			);
			name = LaunchScreen.storyboard;
			sourceTree = "<group>";
		};
/* End PBXVariantGroup section */

/* Begin XCBuildConfiguration section */
		64DDD36B26D9780500C6B040 /* Debug */ = {
			isa = XCBuildConfiguration;
			buildSettings = {
				ALWAYS_SEARCH_USER_PATHS = NO;
				CLANG_ANALYZER_NONNULL = YES;
				CLANG_ANALYZER_NUMBER_OBJECT_CONVERSION = YES_AGGRESSIVE;
				CLANG_CXX_LANGUAGE_STANDARD = "gnu++14";
				CLANG_CXX_LIBRARY = "libc++";
				CLANG_ENABLE_MODULES = YES;
				CLANG_ENABLE_OBJC_ARC = YES;
				CLANG_ENABLE_OBJC_WEAK = YES;
				CLANG_WARN_BLOCK_CAPTURE_AUTORELEASING = YES;
				CLANG_WARN_BOOL_CONVERSION = YES;
				CLANG_WARN_COMMA = YES;
				CLANG_WARN_CONSTANT_CONVERSION = YES;
				CLANG_WARN_DEPRECATED_OBJC_IMPLEMENTATIONS = YES;
				CLANG_WARN_DIRECT_OBJC_ISA_USAGE = YES_ERROR;
				CLANG_WARN_DOCUMENTATION_COMMENTS = YES;
				CLANG_WARN_EMPTY_BODY = YES;
				CLANG_WARN_ENUM_CONVERSION = YES;
				CLANG_WARN_INFINITE_RECURSION = YES;
				CLANG_WARN_INT_CONVERSION = YES;
				CLANG_WARN_NON_LITERAL_NULL_CONVERSION = YES;
				CLANG_WARN_OBJC_IMPLICIT_RETAIN_SELF = YES;
				CLANG_WARN_OBJC_LITERAL_CONVERSION = YES;
				CLANG_WARN_OBJC_ROOT_CLASS = YES_ERROR;
				CLANG_WARN_QUOTED_INCLUDE_IN_FRAMEWORK_HEADER = YES;
				CLANG_WARN_RANGE_LOOP_ANALYSIS = YES;
				CLANG_WARN_STRICT_PROTOTYPES = YES;
				CLANG_WARN_SUSPICIOUS_MOVE = YES;
				CLANG_WARN_UNGUARDED_AVAILABILITY = YES_AGGRESSIVE;
				CLANG_WARN_UNREACHABLE_CODE = YES;
				CLANG_WARN__DUPLICATE_METHOD_MATCH = YES;
				COPY_PHASE_STRIP = NO;
				DEBUG_INFORMATION_FORMAT = dwarf;
				ENABLE_STRICT_OBJC_MSGSEND = YES;
				ENABLE_TESTABILITY = YES;
				GCC_C_LANGUAGE_STANDARD = gnu11;
				GCC_DYNAMIC_NO_PIC = NO;
				GCC_NO_COMMON_BLOCKS = YES;
				GCC_OPTIMIZATION_LEVEL = 0;
				GCC_PREPROCESSOR_DEFINITIONS = (
					"DEBUG=1",
					"$(inherited)",
				);
				GCC_WARN_64_TO_32_BIT_CONVERSION = YES;
				GCC_WARN_ABOUT_RETURN_TYPE = YES_ERROR;
				GCC_WARN_UNDECLARED_SELECTOR = YES;
				GCC_WARN_UNINITIALIZED_AUTOS = YES_AGGRESSIVE;
				GCC_WARN_UNUSED_FUNCTION = YES;
				GCC_WARN_UNUSED_VARIABLE = YES;
				IPHONEOS_DEPLOYMENT_TARGET = 14.5;
				MTL_ENABLE_DEBUG_INFO = INCLUDE_SOURCE;
				MTL_FAST_MATH = YES;
				ONLY_ACTIVE_ARCH = YES;
				SDKROOT = iphoneos;
				SWIFT_ACTIVE_COMPILATION_CONDITIONS = DEBUG;
				SWIFT_OPTIMIZATION_LEVEL = "-Onone";
			};
			name = Debug;
		};
		64DDD36C26D9780500C6B040 /* Release */ = {
			isa = XCBuildConfiguration;
			buildSettings = {
				ALWAYS_SEARCH_USER_PATHS = NO;
				CLANG_ANALYZER_NONNULL = YES;
				CLANG_ANALYZER_NUMBER_OBJECT_CONVERSION = YES_AGGRESSIVE;
				CLANG_CXX_LANGUAGE_STANDARD = "gnu++14";
				CLANG_CXX_LIBRARY = "libc++";
				CLANG_ENABLE_MODULES = YES;
				CLANG_ENABLE_OBJC_ARC = YES;
				CLANG_ENABLE_OBJC_WEAK = YES;
				CLANG_WARN_BLOCK_CAPTURE_AUTORELEASING = YES;
				CLANG_WARN_BOOL_CONVERSION = YES;
				CLANG_WARN_COMMA = YES;
				CLANG_WARN_CONSTANT_CONVERSION = YES;
				CLANG_WARN_DEPRECATED_OBJC_IMPLEMENTATIONS = YES;
				CLANG_WARN_DIRECT_OBJC_ISA_USAGE = YES_ERROR;
				CLANG_WARN_DOCUMENTATION_COMMENTS = YES;
				CLANG_WARN_EMPTY_BODY = YES;
				CLANG_WARN_ENUM_CONVERSION = YES;
				CLANG_WARN_INFINITE_RECURSION = YES;
				CLANG_WARN_INT_CONVERSION = YES;
				CLANG_WARN_NON_LITERAL_NULL_CONVERSION = YES;
				CLANG_WARN_OBJC_IMPLICIT_RETAIN_SELF = YES;
				CLANG_WARN_OBJC_LITERAL_CONVERSION = YES;
				CLANG_WARN_OBJC_ROOT_CLASS = YES_ERROR;
				CLANG_WARN_QUOTED_INCLUDE_IN_FRAMEWORK_HEADER = YES;
				CLANG_WARN_RANGE_LOOP_ANALYSIS = YES;
				CLANG_WARN_STRICT_PROTOTYPES = YES;
				CLANG_WARN_SUSPICIOUS_MOVE = YES;
				CLANG_WARN_UNGUARDED_AVAILABILITY = YES_AGGRESSIVE;
				CLANG_WARN_UNREACHABLE_CODE = YES;
				CLANG_WARN__DUPLICATE_METHOD_MATCH = YES;
				COPY_PHASE_STRIP = NO;
				DEBUG_INFORMATION_FORMAT = "dwarf-with-dsym";
				ENABLE_NS_ASSERTIONS = NO;
				ENABLE_STRICT_OBJC_MSGSEND = YES;
				GCC_C_LANGUAGE_STANDARD = gnu11;
				GCC_NO_COMMON_BLOCKS = YES;
				GCC_WARN_64_TO_32_BIT_CONVERSION = YES;
				GCC_WARN_ABOUT_RETURN_TYPE = YES_ERROR;
				GCC_WARN_UNDECLARED_SELECTOR = YES;
				GCC_WARN_UNINITIALIZED_AUTOS = YES_AGGRESSIVE;
				GCC_WARN_UNUSED_FUNCTION = YES;
				GCC_WARN_UNUSED_VARIABLE = YES;
				IPHONEOS_DEPLOYMENT_TARGET = 14.5;
				MTL_ENABLE_DEBUG_INFO = NO;
				MTL_FAST_MATH = YES;
				SDKROOT = iphoneos;
				SWIFT_COMPILATION_MODE = wholemodule;
				SWIFT_OPTIMIZATION_LEVEL = "-O";
				VALIDATE_PRODUCT = YES;
			};
			name = Release;
		};
		64DDD36E26D9780500C6B040 /* Debug */ = {
			isa = XCBuildConfiguration;
			buildSettings = {
				ASSETCATALOG_COMPILER_APPICON_NAME = AppIcon;
				ASSETCATALOG_COMPILER_GLOBAL_ACCENT_COLOR_NAME = AccentColor;
				CODE_SIGN_STYLE = Automatic;
				DEVELOPMENT_TEAM = 68W3SBSH6G;
				INFOPLIST_FILE = MovieApp/Info.plist;
				LD_RUNPATH_SEARCH_PATHS = (
					"$(inherited)",
					"@executable_path/Frameworks",
				);
				PRODUCT_BUNDLE_IDENTIFIER = com.ertech.MovieApp;
				PRODUCT_NAME = "$(TARGET_NAME)";
				SWIFT_VERSION = 5.0;
				TARGETED_DEVICE_FAMILY = "1,2";
			};
			name = Debug;
		};
		64DDD36F26D9780500C6B040 /* Release */ = {
			isa = XCBuildConfiguration;
			buildSettings = {
				ASSETCATALOG_COMPILER_APPICON_NAME = AppIcon;
				ASSETCATALOG_COMPILER_GLOBAL_ACCENT_COLOR_NAME = AccentColor;
				CODE_SIGN_STYLE = Automatic;
				DEVELOPMENT_TEAM = 68W3SBSH6G;
				INFOPLIST_FILE = MovieApp/Info.plist;
				LD_RUNPATH_SEARCH_PATHS = (
					"$(inherited)",
					"@executable_path/Frameworks",
				);
				PRODUCT_BUNDLE_IDENTIFIER = com.ertech.MovieApp;
				PRODUCT_NAME = "$(TARGET_NAME)";
				SWIFT_VERSION = 5.0;
				TARGETED_DEVICE_FAMILY = "1,2";
			};
			name = Release;
		};
		64DDD37126D9780500C6B040 /* Debug */ = {
			isa = XCBuildConfiguration;
			buildSettings = {
				ALWAYS_EMBED_SWIFT_STANDARD_LIBRARIES = YES;
				BUNDLE_LOADER = "$(TEST_HOST)";
				CODE_SIGN_STYLE = Automatic;
				DEVELOPMENT_TEAM = 68W3SBSH6G;
				INFOPLIST_FILE = MovieAppTests/Info.plist;
				IPHONEOS_DEPLOYMENT_TARGET = 14.5;
				LD_RUNPATH_SEARCH_PATHS = (
					"$(inherited)",
					"@executable_path/Frameworks",
					"@loader_path/Frameworks",
				);
				PRODUCT_BUNDLE_IDENTIFIER = com.ertech.MovieAppTests;
				PRODUCT_NAME = "$(TARGET_NAME)";
				SWIFT_VERSION = 5.0;
				TARGETED_DEVICE_FAMILY = "1,2";
				TEST_HOST = "$(BUILT_PRODUCTS_DIR)/MovieApp.app/MovieApp";
			};
			name = Debug;
		};
		64DDD37226D9780500C6B040 /* Release */ = {
			isa = XCBuildConfiguration;
			buildSettings = {
				ALWAYS_EMBED_SWIFT_STANDARD_LIBRARIES = YES;
				BUNDLE_LOADER = "$(TEST_HOST)";
				CODE_SIGN_STYLE = Automatic;
				DEVELOPMENT_TEAM = 68W3SBSH6G;
				INFOPLIST_FILE = MovieAppTests/Info.plist;
				IPHONEOS_DEPLOYMENT_TARGET = 14.5;
				LD_RUNPATH_SEARCH_PATHS = (
					"$(inherited)",
					"@executable_path/Frameworks",
					"@loader_path/Frameworks",
				);
				PRODUCT_BUNDLE_IDENTIFIER = com.ertech.MovieAppTests;
				PRODUCT_NAME = "$(TARGET_NAME)";
				SWIFT_VERSION = 5.0;
				TARGETED_DEVICE_FAMILY = "1,2";
				TEST_HOST = "$(BUILT_PRODUCTS_DIR)/MovieApp.app/MovieApp";
			};
			name = Release;
		};
		64DDD37426D9780500C6B040 /* Debug */ = {
			isa = XCBuildConfiguration;
			buildSettings = {
				ALWAYS_EMBED_SWIFT_STANDARD_LIBRARIES = YES;
				CODE_SIGN_STYLE = Automatic;
				DEVELOPMENT_TEAM = 68W3SBSH6G;
				INFOPLIST_FILE = MovieAppUITests/Info.plist;
				LD_RUNPATH_SEARCH_PATHS = (
					"$(inherited)",
					"@executable_path/Frameworks",
					"@loader_path/Frameworks",
				);
				PRODUCT_BUNDLE_IDENTIFIER = com.ertech.MovieAppUITests;
				PRODUCT_NAME = "$(TARGET_NAME)";
				SWIFT_VERSION = 5.0;
				TARGETED_DEVICE_FAMILY = "1,2";
				TEST_TARGET_NAME = MovieApp;
			};
			name = Debug;
		};
		64DDD37526D9780500C6B040 /* Release */ = {
			isa = XCBuildConfiguration;
			buildSettings = {
				ALWAYS_EMBED_SWIFT_STANDARD_LIBRARIES = YES;
				CODE_SIGN_STYLE = Automatic;
				DEVELOPMENT_TEAM = 68W3SBSH6G;
				INFOPLIST_FILE = MovieAppUITests/Info.plist;
				LD_RUNPATH_SEARCH_PATHS = (
					"$(inherited)",
					"@executable_path/Frameworks",
					"@loader_path/Frameworks",
				);
				PRODUCT_BUNDLE_IDENTIFIER = com.ertech.MovieAppUITests;
				PRODUCT_NAME = "$(TARGET_NAME)";
				SWIFT_VERSION = 5.0;
				TARGETED_DEVICE_FAMILY = "1,2";
				TEST_TARGET_NAME = MovieApp;
			};
			name = Release;
		};
/* End XCBuildConfiguration section */

/* Begin XCConfigurationList section */
		64DDD33E26D977FC00C6B040 /* Build configuration list for PBXProject "MovieApp" */ = {
			isa = XCConfigurationList;
			buildConfigurations = (
				64DDD36B26D9780500C6B040 /* Debug */,
				64DDD36C26D9780500C6B040 /* Release */,
			);
			defaultConfigurationIsVisible = 0;
			defaultConfigurationName = Release;
		};
		64DDD36D26D9780500C6B040 /* Build configuration list for PBXNativeTarget "MovieApp" */ = {
			isa = XCConfigurationList;
			buildConfigurations = (
				64DDD36E26D9780500C6B040 /* Debug */,
				64DDD36F26D9780500C6B040 /* Release */,
			);
			defaultConfigurationIsVisible = 0;
			defaultConfigurationName = Release;
		};
		64DDD37026D9780500C6B040 /* Build configuration list for PBXNativeTarget "MovieAppTests" */ = {
			isa = XCConfigurationList;
			buildConfigurations = (
				64DDD37126D9780500C6B040 /* Debug */,
				64DDD37226D9780500C6B040 /* Release */,
			);
			defaultConfigurationIsVisible = 0;
			defaultConfigurationName = Release;
		};
		64DDD37326D9780500C6B040 /* Build configuration list for PBXNativeTarget "MovieAppUITests" */ = {
			isa = XCConfigurationList;
			buildConfigurations = (
				64DDD37426D9780500C6B040 /* Debug */,
				64DDD37526D9780500C6B040 /* Release */,
			);
			defaultConfigurationIsVisible = 0;
			defaultConfigurationName = Release;
		};
/* End XCConfigurationList section */
	};
	rootObject = 64DDD33B26D977FC00C6B040 /* Project object */;
}
